
Microsoft Visual Studio Solution File, Format Version 12.00
# Visual Studio Version 17
VisualStudioVersion = 17.14.36518.9
MinimumVisualStudioVersion = 10.0.40219.1
Project("{FAE04EC0-301F-11D3-BF4B-00C04F79EFBC}") = "HS.Stride.Editor.Toolkit", "HS.Stride.Editor.Toolkit.csproj", "{7411FFA9-0648-4783-9B1B-3B9FFC4A7EBF}"
EndProject
Project("{FAE04EC0-301F-11D3-BF4B-00C04F79EFBC}") = "HS.Stride.Editor.Toolkit.Tests", "..\HS.Stride.Editor.Toolkit.Tests\HS.Stride.Editor.Toolkit.Tests.csproj", "{6B2B556E-9F39-4658-8EE9-E84022E3F688}"
EndProject
Global
	GlobalSection(SolutionConfigurationPlatforms) = preSolution
		Debug|Any CPU = Debug|Any CPU
		Release|Any CPU = Release|Any CPU
	EndGlobalSection
	GlobalSection(ProjectConfigurationPlatforms) = postSolution
		{7411FFA9-0648-4783-9B1B-3B9FFC4A7EBF}.Debug|Any CPU.ActiveCfg = Debug|Any CPU
		{7411FFA9-0648-4783-9B1B-3B9FFC4A7EBF}.Debug|Any CPU.Build.0 = Debug|Any CPU
		{7411FFA9-0648-4783-9B1B-3B9FFC4A7EBF}.Release|Any CPU.ActiveCfg = Release|Any CPU
		{7411FFA9-0648-4783-9B1B-3B9FFC4A7EBF}.Release|Any CPU.Build.0 = Release|Any CPU
		{6B2B556E-9F39-4658-8EE9-E84022E3F688}.Debug|Any CPU.ActiveCfg = Debug|Any CPU
		{6B2B556E-9F39-4658-8EE9-E84022E3F688}.Debug|Any CPU.Build.0 = Debug|Any CPU
		{6B2B556E-9F39-4658-8EE9-E84022E3F688}.Release|Any CPU.ActiveCfg = Release|Any CPU
		{6B2B556E-9F39-4658-8EE9-E84022E3F688}.Release|Any CPU.Build.0 = Release|Any CPU
	EndGlobalSection
	GlobalSection(SolutionProperties) = preSolution
		HideSolutionNode = FALSE
	EndGlobalSection
	GlobalSection(ExtensibilityGlobals) = postSolution
		SolutionGuid = {70F5D0E0-C57D-49A6-B39D-C11775CD36E6}
	EndGlobalSection
EndGlobal
